
Microsoft Visual Studio Solution File, Format Version 12.00
# Visual Studio 15
VisualStudioVersion = 15.0.27428.2043
MinimumVisualStudioVersion = 10.0.40219.1
Project("{FAE04EC0-301F-11D3-BF4B-00C04F79EFBC}") = "PixelsNET", "PixelsNET\PixelsNET.csproj", "{4D4CDF03-BA20-445C-A3D4-FBF6C5B97C0B}"
EndProject
Global
	GlobalSection(SolutionConfigurationPlatforms) = preSolution
		Debug|Any CPU = Debug|Any CPU
		Release|Any CPU = Release|Any CPU
	EndGlobalSection
	GlobalSection(ProjectConfigurationPlatforms) = postSolution
		{4D4CDF03-BA20-445C-A3D4-FBF6C5B97C0B}.Debug|Any CPU.ActiveCfg = Debug|Any CPU
		{4D4CDF03-BA20-445C-A3D4-FBF6C5B97C0B}.Debug|Any CPU.Build.0 = Debug|Any CPU
		{4D4CDF03-BA20-445C-A3D4-FBF6C5B97C0B}.Release|Any CPU.ActiveCfg = Release|Any CPU
		{4D4CDF03-BA20-445C-A3D4-FBF6C5B97C0B}.Release|Any CPU.Build.0 = Release|Any CPU
	EndGlobalSection
	GlobalSection(SolutionProperties) = preSolution
		HideSolutionNode = FALSE
	EndGlobalSection
	GlobalSection(ExtensibilityGlobals) = postSolution
		SolutionGuid = {F09029CA-16CB-493C-B572-1F7230332018}
	EndGlobalSection
EndGlobal
